<?xml version="1.0" encoding="utf-8"?>
<Project ToolsVersion="4.0" xmlns="http://schemas.microsoft.com/developer/msbuild/2003">
  <ItemGroup>
    <Filter Include="Source Files">
      <UniqueIdentifier>{4FC737F1-C7A5-4376-A066-2A32D752A2FF}</UniqueIdentifier>
      <Extensions>cpp;c;cc;cxx;def;odl;idl;hpj;bat;asm;asmx</Extensions>
    </Filter>
    <Filter Include="Header Files">
      <UniqueIdentifier>{93995380-89BD-4b04-88EB-625FBE52EBFB}</UniqueIdentifier>
      <Extensions>h;hh;hpp;hxx;hm;inl;inc;ipp;xsd</Extensions>
    </Filter>
    <Filter Include="Resource Files">
      <UniqueIdentifier>{67DA6AB6-F800-4c08-8B7A-83BB121AAD01}</UniqueIdentifier>
      <Extensions>rc;ico;cur;bmp;dlg;rc2;rct;bin;rgs;gif;jpg;jpeg;jpe;resx;tiff;tif;png;wav;mfcribbon-ms</Extensions>
    </Filter>
  </ItemGroup>
  <ItemGroup>
    <ClInclude Include="os\platform.h">
      <Filter>Header Files</Filter>
    </ClInclude>
    <ClInclude Include="os\win32\logging.h">
      <Filter>Header Files</Filter>
    </ClInclude>
    <ClInclude Include="os\win32\error.h">
      <Filter>Header Files</Filter>
    </ClInclude>
    <ClInclude Include="device\device.h">
      <Filter>Header Files</Filter>
    </ClInclude>
    <ClInclude Include="updi\application.h">
      <Filter>Header Files</Filter>
    </ClInclude>
    <ClInclude Include="updi\constants.h">
      <Filter>Header Files</Filter>
    </ClInclude>
    <ClInclude Include="updi\link.h">
      <Filter>Header Files</Filter>
    </ClInclude>
    <ClInclude Include="updi\nvm.h">
      <Filter>Header Files</Filter>
    </ClInclude>
    <ClInclude Include="updi\physical.h">
      <Filter>Header Files</Filter>
    </ClInclude>
    <ClInclude Include="argparse\argparse.h">
      <Filter>Header Files</Filter>
    </ClInclude>
    <ClInclude Include="string\split.h">
      <Filter>Header Files</Filter>
    </ClInclude>
    <ClInclude Include="ihex\kk_ihex.h">
      <Filter>Header Files</Filter>
    </ClInclude>
    <ClInclude Include="ihex\kk_ihex_read.h">
      <Filter>Header Files</Filter>
    </ClInclude>
    <ClInclude Include="ihex\ihex.h">
      <Filter>Header Files</Filter>
    </ClInclude>
    <ClInclude Include="cupdi.h">
      <Filter>Header Files</Filter>
    </ClInclude>
    <ClInclude Include="os\win32\serial.h">
      <Filter>Header Files</Filter>
    </ClInclude>
    <ClInclude Include="ihex\kk_ihex_write.h">
      <Filter>Header Files</Filter>
    </ClInclude>
    <ClInclude Include="file\fop.h">
      <Filter>Header Files</Filter>
    </ClInclude>
    <ClInclude Include="regex\re.h">
      <Filter>Header Files</Filter>
    </ClInclude>
    <ClInclude Include="crc\crc.h">
      <Filter>Header Files</Filter>
    </ClInclude>
    <ClInclude Include="os\win32\swap.h">
      <Filter>Header Files</Filter>
    </ClInclude>
    <ClInclude Include="os\win32\delay.h">
      <Filter>Header Files</Filter>
    </ClInclude>
    <ClInclude Include="string\strlcat.h">
      <Filter>Header Files</Filter>
    </ClInclude>
    <ClInclude Include="string\join.h">
      <Filter>Header Files</Filter>
    </ClInclude>
    <ClInclude Include="string\strndup.h">
      <Filter>Header Files</Filter>
    </ClInclude>
  </ItemGroup>
  <ItemGroup>
    <ClCompile Include="cupdi.c">
      <Filter>Source Files</Filter>
    </ClCompile>
    <ClCompile Include="os\win32\logging.c">
      <Filter>Source Files</Filter>
    </ClCompile>
    <ClCompile Include="device\device.c">
      <Filter>Source Files</Filter>
    </ClCompile>
    <ClCompile Include="updi\application.c">
      <Filter>Source Files</Filter>
    </ClCompile>
    <ClCompile Include="updi\link.c">
      <Filter>Source Files</Filter>
    </ClCompile>
    <ClCompile Include="updi\nvm.c">
      <Filter>Source Files</Filter>
    </ClCompile>
    <ClCompile Include="updi\physical.c">
      <Filter>Source Files</Filter>
    </ClCompile>
    <ClCompile Include="argparse\argparse.c">
      <Filter>Source Files</Filter>
    </ClCompile>
    <ClCompile Include="string\split.c">
      <Filter>Source Files</Filter>
    </ClCompile>
    <ClCompile Include="ihex\kk_ihex_read.c">
      <Filter>Source Files</Filter>
    </ClCompile>
    <ClCompile Include="ihex\ihex.c">
      <Filter>Source Files</Filter>
    </ClCompile>
    <ClCompile Include="os\win32\serial.c">
      <Filter>Source Files</Filter>
    </ClCompile>
    <ClCompile Include="ihex\kk_ihex_write.c">
      <Filter>Source Files</Filter>
    </ClCompile>
    <ClCompile Include="file\fop.c">
      <Filter>Source Files</Filter>
    </ClCompile>
    <ClCompile Include="regex\re.c">
      <Filter>Source Files</Filter>
    </ClCompile>
    <ClCompile Include="crc\crc.c">
      <Filter>Source Files</Filter>
    </ClCompile>
    <ClCompile Include="os\win32\swap.c">
      <Filter>Source Files</Filter>
    </ClCompile>
    <ClCompile Include="os\win32\delay.c">
      <Filter>Source Files</Filter>
    </ClCompile>
    <ClCompile Include="string\strlcat.c">
      <Filter>Source Files</Filter>
    </ClCompile>
    <ClCompile Include="string\join.c">
      <Filter>Source Files</Filter>
    </ClCompile>
    <ClCompile Include="string\strndup.c">
      <Filter>Source Files</Filter>
    </ClCompile>
  </ItemGroup>
</Project>